
Microsoft Visual Studio Solution File, Format Version 12.00
# Visual Studio 15
VisualStudioVersion = 15.0.27130.2026
MinimumVisualStudioVersion = 10.0.40219.1
Project("{FAE04EC0-301F-11D3-BF4B-00C04F79EFBC}") = "Alg_Lab3_Var6", "Alg_Lab3_Var6\Alg_Lab3_Var6.csproj", "{A7F2930C-14BB-4E9A-B6B7-B94E81B5E449}"
EndProject
Global
	GlobalSection(SolutionConfigurationPlatforms) = preSolution
		Debug|Any CPU = Debug|Any CPU
		Release|Any CPU = Release|Any CPU
	EndGlobalSection
	GlobalSection(ProjectConfigurationPlatforms) = postSolution
		{A7F2930C-14BB-4E9A-B6B7-B94E81B5E449}.Debug|Any CPU.ActiveCfg = Debug|Any CPU
		{A7F2930C-14BB-4E9A-B6B7-B94E81B5E449}.Debug|Any CPU.Build.0 = Debug|Any CPU
		{A7F2930C-14BB-4E9A-B6B7-B94E81B5E449}.Release|Any CPU.ActiveCfg = Release|Any CPU
		{A7F2930C-14BB-4E9A-B6B7-B94E81B5E449}.Release|Any CPU.Build.0 = Release|Any CPU
	EndGlobalSection
	GlobalSection(SolutionProperties) = preSolution
		HideSolutionNode = FALSE
	EndGlobalSection
	GlobalSection(ExtensibilityGlobals) = postSolution
		SolutionGuid = {283380B6-70C4-4ED2-A47C-E641A3E3CDCF}
	EndGlobalSection
EndGlobal
