
Microsoft Visual Studio Solution File, Format Version 12.00
# Visual Studio 15
VisualStudioVersion = 15.0.27130.2026
MinimumVisualStudioVersion = 10.0.40219.1
Project("{FAE04EC0-301F-11D3-BF4B-00C04F79EFBC}") = "Alg_lab4_Var6", "Alg_lab4_Var6\Alg_lab4_Var6.csproj", "{7EB77B88-5690-46D8-AD25-6EA01C54AEED}"
EndProject
Global
	GlobalSection(SolutionConfigurationPlatforms) = preSolution
		Debug|Any CPU = Debug|Any CPU
		Release|Any CPU = Release|Any CPU
	EndGlobalSection
	GlobalSection(ProjectConfigurationPlatforms) = postSolution
		{7EB77B88-5690-46D8-AD25-6EA01C54AEED}.Debug|Any CPU.ActiveCfg = Debug|Any CPU
		{7EB77B88-5690-46D8-AD25-6EA01C54AEED}.Debug|Any CPU.Build.0 = Debug|Any CPU
		{7EB77B88-5690-46D8-AD25-6EA01C54AEED}.Release|Any CPU.ActiveCfg = Release|Any CPU
		{7EB77B88-5690-46D8-AD25-6EA01C54AEED}.Release|Any CPU.Build.0 = Release|Any CPU
	EndGlobalSection
	GlobalSection(SolutionProperties) = preSolution
		HideSolutionNode = FALSE
	EndGlobalSection
	GlobalSection(ExtensibilityGlobals) = postSolution
		SolutionGuid = {9E77DA51-359E-484C-A0F1-363E27F7A11A}
	EndGlobalSection
EndGlobal
