
Microsoft Visual Studio Solution File, Format Version 12.00
# Visual Studio 15
VisualStudioVersion = 15.0.27130.2010
MinimumVisualStudioVersion = 10.0.40219.1
Project("{FAE04EC0-301F-11D3-BF4B-00C04F79EFBC}") = "Lab10Part1", "Lab10Part1\Lab10Part1.csproj", "{AB9877C1-44F6-4506-9F23-7058CFAE0C6D}"
EndProject
Global
	GlobalSection(SolutionConfigurationPlatforms) = preSolution
		Debug|Any CPU = Debug|Any CPU
		Release|Any CPU = Release|Any CPU
	EndGlobalSection
	GlobalSection(ProjectConfigurationPlatforms) = postSolution
		{AB9877C1-44F6-4506-9F23-7058CFAE0C6D}.Debug|Any CPU.ActiveCfg = Debug|Any CPU
		{AB9877C1-44F6-4506-9F23-7058CFAE0C6D}.Debug|Any CPU.Build.0 = Debug|Any CPU
		{AB9877C1-44F6-4506-9F23-7058CFAE0C6D}.Release|Any CPU.ActiveCfg = Release|Any CPU
		{AB9877C1-44F6-4506-9F23-7058CFAE0C6D}.Release|Any CPU.Build.0 = Release|Any CPU
	EndGlobalSection
	GlobalSection(SolutionProperties) = preSolution
		HideSolutionNode = FALSE
	EndGlobalSection
	GlobalSection(ExtensibilityGlobals) = postSolution
		SolutionGuid = {AFAA958D-886C-4F90-8A14-8DB40F735996}
	EndGlobalSection
EndGlobal
