
Microsoft Visual Studio Solution File, Format Version 12.00
# Visual Studio 15
VisualStudioVersion = 15.0.27703.1
MinimumVisualStudioVersion = 10.0.40219.1
Project("{FAE04EC0-301F-11D3-BF4B-00C04F79EFBC}") = "Lab15", "Lab15\Lab15.csproj", "{7CE52BA7-830C-4EEB-BEEF-3A64546832FB}"
EndProject
Global
	GlobalSection(SolutionConfigurationPlatforms) = preSolution
		Debug|Any CPU = Debug|Any CPU
		Release|Any CPU = Release|Any CPU
	EndGlobalSection
	GlobalSection(ProjectConfigurationPlatforms) = postSolution
		{7CE52BA7-830C-4EEB-BEEF-3A64546832FB}.Debug|Any CPU.ActiveCfg = Debug|Any CPU
		{7CE52BA7-830C-4EEB-BEEF-3A64546832FB}.Debug|Any CPU.Build.0 = Debug|Any CPU
		{7CE52BA7-830C-4EEB-BEEF-3A64546832FB}.Release|Any CPU.ActiveCfg = Release|Any CPU
		{7CE52BA7-830C-4EEB-BEEF-3A64546832FB}.Release|Any CPU.Build.0 = Release|Any CPU
	EndGlobalSection
	GlobalSection(SolutionProperties) = preSolution
		HideSolutionNode = FALSE
	EndGlobalSection
	GlobalSection(ExtensibilityGlobals) = postSolution
		SolutionGuid = {82F878F5-A485-4C12-8D8A-1661D692A9C8}
	EndGlobalSection
EndGlobal
