
Microsoft Visual Studio Solution File, Format Version 12.00
# Visual Studio 15
VisualStudioVersion = 15.0.27130.2026
MinimumVisualStudioVersion = 10.0.40219.1
Project("{FAE04EC0-301F-11D3-BF4B-00C04F79EFBC}") = "Alg_Lab1Part1", "Alg_Lab1Part1\Alg_Lab1Part1.csproj", "{132C76AF-2769-48DB-A400-7D790DB09FB6}"
EndProject
Global
	GlobalSection(SolutionConfigurationPlatforms) = preSolution
		Debug|Any CPU = Debug|Any CPU
		Release|Any CPU = Release|Any CPU
	EndGlobalSection
	GlobalSection(ProjectConfigurationPlatforms) = postSolution
		{132C76AF-2769-48DB-A400-7D790DB09FB6}.Debug|Any CPU.ActiveCfg = Debug|Any CPU
		{132C76AF-2769-48DB-A400-7D790DB09FB6}.Debug|Any CPU.Build.0 = Debug|Any CPU
		{132C76AF-2769-48DB-A400-7D790DB09FB6}.Release|Any CPU.ActiveCfg = Release|Any CPU
		{132C76AF-2769-48DB-A400-7D790DB09FB6}.Release|Any CPU.Build.0 = Release|Any CPU
	EndGlobalSection
	GlobalSection(SolutionProperties) = preSolution
		HideSolutionNode = FALSE
	EndGlobalSection
	GlobalSection(ExtensibilityGlobals) = postSolution
		SolutionGuid = {4CFD856D-DFEF-41F0-AD31-C1BE4B24CC8C}
	EndGlobalSection
EndGlobal
